// !$*UTF8*$!
{
	archiveVersion = 1;
	classes = {
	};
	objectVersion = 46;
	objects = {

/* Begin PBXBuildFile section */
		03F34B737D312B6848995C62 /* bson.cpp in Sources */ = {isa = PBXBuildFile; fileRef = 435D2AE66379435A698604D9 /* bson.cpp */; };
		15DF220C027F217454553F62 /* LabJsonPath.cpp in Sources */ = {isa = PBXBuildFile; fileRef = 62743AC1753E4906407017B1 /* LabJsonPath.cpp */; };
		5E54179E11333C1B21FD1FEE /* jsoncpp.cpp in Sources */ = {isa = PBXBuildFile; fileRef = 1ED879DB1D0C1CAA5FA15DDD /* jsoncpp.cpp */; };
		682508CA16AD541B3CA50EBF /* encoding.cpp in Sources */ = {isa = PBXBuildFile; fileRef = 0E5C43A272A410CE67152B55 /* encoding.cpp */; };
		7DD12FB4608B5B9E65F4250B /* LabJson.cpp in Sources */ = {isa = PBXBuildFile; fileRef = 5D0B0344233C545933C57351 /* LabJson.cpp */; };
/* End PBXBuildFile section */

/* Begin PBXFileReference section */
		0E5C43A272A410CE67152B55 /* encoding.cpp */ = {isa = PBXFileReference; lastKnownFileType = sourcecode.cpp.cpp; path = encoding.cpp; sourceTree = "<group>"; };
		1ED879DB1D0C1CAA5FA15DDD /* jsoncpp.cpp */ = {isa = PBXFileReference; lastKnownFileType = sourcecode.cpp.cpp; path = jsoncpp.cpp; sourceTree = "<group>"; };
		348C6C87322D43552DD1048B /* LabJson.h */ = {isa = PBXFileReference; lastKnownFileType = sourcecode.c.h; path = LabJson.h; sourceTree = "<group>"; };
		435D2AE66379435A698604D9 /* bson.cpp */ = {isa = PBXFileReference; lastKnownFileType = sourcecode.cpp.cpp; path = bson.cpp; sourceTree = "<group>"; };
		46B51883648E3FF77C006F4B /* json-forwards.h */ = {isa = PBXFileReference; lastKnownFileType = sourcecode.c.h; path = "json-forwards.h"; sourceTree = "<group>"; };
		46CF52947A096F8B4105569A /* json.h */ = {isa = PBXFileReference; lastKnownFileType = sourcecode.c.h; path = json.h; sourceTree = "<group>"; };
		564C3F8D61336D48221F55FC /* encoding.h */ = {isa = PBXFileReference; lastKnownFileType = sourcecode.c.h; path = encoding.h; sourceTree = "<group>"; };
		5D0B0344233C545933C57351 /* LabJson.cpp */ = {isa = PBXFileReference; lastKnownFileType = sourcecode.cpp.cpp; path = LabJson.cpp; sourceTree = "<group>"; };
		5D9D05656B50071E5F8A0980 /* LabJsonPath.h */ = {isa = PBXFileReference; lastKnownFileType = sourcecode.c.h; path = LabJsonPath.h; sourceTree = "<group>"; };
		607F6613286A67E247426E3D /* bson.h */ = {isa = PBXFileReference; lastKnownFileType = sourcecode.c.h; path = bson.h; sourceTree = "<group>"; };
		62743AC1753E4906407017B1 /* LabJsonPath.cpp */ = {isa = PBXFileReference; lastKnownFileType = sourcecode.cpp.cpp; path = LabJsonPath.cpp; sourceTree = "<group>"; };
		76D335631BF4396B5AE57774 /* libLabJson.a */ = {isa = PBXFileReference; explicitFileType = archive.ar; includeInIndex = 0; path = libLabJson.a; sourceTree = BUILT_PRODUCTS_DIR; };
		E2E3878819C740EA008E470E /* LabBson.h */ = {isa = PBXFileReference; fileEncoding = 4; lastKnownFileType = sourcecode.c.h; path = LabBson.h; sourceTree = "<group>"; };
/* End PBXFileReference section */

/* Begin PBXFrameworksBuildPhase section */
		6F3136323092631C687309C7 /* Frameworks */ = {
			isa = PBXFrameworksBuildPhase;
			buildActionMask = 2147483647;
			files = (
			);
			runOnlyForDeploymentPostprocessing = 0;
		};
/* End PBXFrameworksBuildPhase section */

/* Begin PBXGroup section */
		0580297F7CD534B00FE4450D /* LabJson */ = {
			isa = PBXGroup;
			children = (
				15023E014E6961D866565512 /* src */,
				3981475C1D3B109B57760761 /* Products */,
			);
			name = LabJson;
			sourceTree = "<group>";
		};
		15023E014E6961D866565512 /* src */ = {
			isa = PBXGroup;
			children = (
				33FD27912FAE4BFB6B3A2EBE /* LabJson */,
			);
			path = src;
			sourceTree = "<group>";
		};
		33FD27912FAE4BFB6B3A2EBE /* LabJson */ = {
			isa = PBXGroup;
			children = (
				5D0B0344233C545933C57351 /* LabJson.cpp */,
				348C6C87322D43552DD1048B /* LabJson.h */,
				62743AC1753E4906407017B1 /* LabJsonPath.cpp */,
				5D9D05656B50071E5F8A0980 /* LabJsonPath.h */,
				435D2AE66379435A698604D9 /* bson.cpp */,
				607F6613286A67E247426E3D /* bson.h */,
				0E5C43A272A410CE67152B55 /* encoding.cpp */,
				564C3F8D61336D48221F55FC /* encoding.h */,
				46B51883648E3FF77C006F4B /* json-forwards.h */,
				46CF52947A096F8B4105569A /* json.h */,
				1ED879DB1D0C1CAA5FA15DDD /* jsoncpp.cpp */,
				E2E3878819C740EA008E470E /* LabBson.h */,
			);
			path = LabJson;
			sourceTree = "<group>";
		};
		3981475C1D3B109B57760761 /* Products */ = {
			isa = PBXGroup;
			children = (
				76D335631BF4396B5AE57774 /* libLabJson.a */,
			);
			name = Products;
			sourceTree = "<group>";
		};
/* End PBXGroup section */

/* Begin PBXNativeTarget section */
		6E9531E877F71DA55DAF28A4 /* LabJson */ = {
			isa = PBXNativeTarget;
			buildConfigurationList = 1929731C48981E6E66523173 /* Build configuration list for PBXNativeTarget "LabJson" */;
			buildPhases = (
				0C966930034E31885CA43899 /* Resources */,
				682039003FF924B259CA5DEE /* Sources */,
				6F3136323092631C687309C7 /* Frameworks */,
			);
			buildRules = (
			);
			dependencies = (
			);
			name = LabJson;
			productName = LabJson;
			productReference = 76D335631BF4396B5AE57774 /* libLabJson.a */;
			productType = "com.apple.product-type.library.static";
		};
/* End PBXNativeTarget section */

/* Begin PBXProject section */
		08FB7793FE84155DC02AAC07 /* Project object */ = {
			isa = PBXProject;
			attributes = {
				LastUpgradeCheck = 0600;
			};
			buildConfigurationList = 1DEB928908733DD80010E9CD /* Build configuration list for PBXProject "LabJson" */;
			compatibilityVersion = "Xcode 3.2";
			developmentRegion = English;
			hasScannedForEncodings = 1;
			knownRegions = (
				en,
			);
			mainGroup = 0580297F7CD534B00FE4450D /* LabJson */;
			projectDirPath = "";
			projectRoot = "";
			targets = (
				6E9531E877F71DA55DAF28A4 /* LabJson */,
			);
		};
/* End PBXProject section */

/* Begin PBXResourcesBuildPhase section */
		0C966930034E31885CA43899 /* Resources */ = {
			isa = PBXResourcesBuildPhase;
			buildActionMask = 2147483647;
			files = (
			);
			runOnlyForDeploymentPostprocessing = 0;
		};
/* End PBXResourcesBuildPhase section */

/* Begin PBXSourcesBuildPhase section */
		682039003FF924B259CA5DEE /* Sources */ = {
			isa = PBXSourcesBuildPhase;
			buildActionMask = 2147483647;
			files = (
				7DD12FB4608B5B9E65F4250B /* LabJson.cpp in Sources */,
				15DF220C027F217454553F62 /* LabJsonPath.cpp in Sources */,
				03F34B737D312B6848995C62 /* bson.cpp in Sources */,
				682508CA16AD541B3CA50EBF /* encoding.cpp in Sources */,
				5E54179E11333C1B21FD1FEE /* jsoncpp.cpp in Sources */,
			);
			runOnlyForDeploymentPostprocessing = 0;
		};
/* End PBXSourcesBuildPhase section */

/* Begin XCBuildConfiguration section */
		1B8F6DE010B6430A5F326FB0 /* Debug */ = {
			isa = XCBuildConfiguration;
			buildSettings = {
				CONFIGURATION_BUILD_DIR = "$(SYMROOT)";
				CONFIGURATION_TEMP_DIR = "$(OBJROOT)";
				COPY_PHASE_STRIP = NO;
				GCC_C_LANGUAGE_STANDARD = gnu99;
				GCC_OPTIMIZATION_LEVEL = 0;
				GCC_PREPROCESSOR_DEFINITIONS = (
					DEBUG,
					__MACOSX_CORE__,
					OSX,
				);
				GCC_SYMBOLS_PRIVATE_EXTERN = NO;
				GCC_WARN_ABOUT_RETURN_TYPE = YES;
				GCC_WARN_UNUSED_VARIABLE = YES;
				HEADER_SEARCH_PATHS = (
					src,
					../LabText/src,
				);
				OBJROOT = obj/x64/Debug;
				ONLY_ACTIVE_ARCH = YES;
				OTHER_CFLAGS = (
					"-std=c++11",
					"-stdlib=libc++",
				);
				SYMROOT = build/Debug;
				VALID_ARCHS = x86_64;
			};
			name = Debug;
		};
		3A4475520897232F1C3561F8 /* Release */ = {
			isa = XCBuildConfiguration;
			buildSettings = {
				ALWAYS_SEARCH_USER_PATHS = NO;
				COMBINE_HIDPI_IMAGES = YES;
				CONFIGURATION_BUILD_DIR = "$(BUILD_DIR)/$(CONFIGURATION)$(EFFECTIVE_PLATFORM_NAME)";
				DEBUG_INFORMATION_FORMAT = "dwarf-with-dsym";
				GCC_DYNAMIC_NO_PIC = NO;
				GCC_MODEL_TUNING = G5;
				INSTALL_PATH = /usr/local/lib;
				ONLY_ACTIVE_ARCH = YES;
				PRODUCT_NAME = LabJson;
			};
			name = Release;
		};
		5B1C2095178F3224008A1515 /* Debug */ = {
			isa = XCBuildConfiguration;
			buildSettings = {
				ALWAYS_SEARCH_USER_PATHS = NO;
				COMBINE_HIDPI_IMAGES = YES;
				CONFIGURATION_BUILD_DIR = "$(BUILD_DIR)/$(CONFIGURATION)$(EFFECTIVE_PLATFORM_NAME)";
				GCC_DYNAMIC_NO_PIC = NO;
				GCC_MODEL_TUNING = G5;
				INSTALL_PATH = /usr/local/lib;
				ONLY_ACTIVE_ARCH = YES;
				PRODUCT_NAME = LabJson;
			};
			name = Debug;
		};
		61221DEC71CC188F007E58A0 /* Release */ = {
			isa = XCBuildConfiguration;
			buildSettings = {
				CONFIGURATION_BUILD_DIR = "$(SYMROOT)";
				CONFIGURATION_TEMP_DIR = "$(OBJROOT)";
				GCC_C_LANGUAGE_STANDARD = gnu99;
				GCC_OPTIMIZATION_LEVEL = s;
				GCC_PREPROCESSOR_DEFINITIONS = (
					NDEBUG,
					__MACOSX_CORE__,
					OSX,
				);
				GCC_SYMBOLS_PRIVATE_EXTERN = NO;
				GCC_WARN_ABOUT_RETURN_TYPE = YES;
				GCC_WARN_UNUSED_VARIABLE = YES;
				HEADER_SEARCH_PATHS = (
					src,
					../LabText/src,
				);
				OBJROOT = obj/x64/Release;
				ONLY_ACTIVE_ARCH = YES;
				OTHER_CFLAGS = (
					"-std=c++11",
					"-stdlib=libc++",
				);
				SYMROOT = build/Release;
				VALID_ARCHS = x86_64;
			};
			name = Release;
		};
/* End XCBuildConfiguration section */

/* Begin XCConfigurationList section */
		1929731C48981E6E66523173 /* Build configuration list for PBXNativeTarget "LabJson" */ = {
			isa = XCConfigurationList;
			buildConfigurations = (
				5B1C2095178F3224008A1515 /* Debug */,
				3A4475520897232F1C3561F8 /* Release */,
			);
			defaultConfigurationIsVisible = 0;
			defaultConfigurationName = Debug;
		};
		1DEB928908733DD80010E9CD /* Build configuration list for PBXProject "LabJson" */ = {
			isa = XCConfigurationList;
			buildConfigurations = (
				1B8F6DE010B6430A5F326FB0 /* Debug */,
				61221DEC71CC188F007E58A0 /* Release */,
			);
			defaultConfigurationIsVisible = 0;
			defaultConfigurationName = Debug;
		};
/* End XCConfigurationList section */
	};
	rootObject = 08FB7793FE84155DC02AAC07 /* Project object */;
}
